
Microsoft Visual Studio Solution File, Format Version 12.00
# Visual Studio Version 16
VisualStudioVersion = 16.0.28803.352
MinimumVisualStudioVersion = 10.0.40219.1
Project("{9A19103F-16F7-4668-BE54-9A1E7A4F7556}") = "MoqTestSuit", "src\MoqTestSuit\MoqTestSuit.csproj", "{16F25242-9BFB-4B5B-BB5F-B47F1EF2A677}"
EndProject
Project("{FAE04EC0-301F-11D3-BF4B-00C04F79EFBC}") = "MoqTestSuit.Tests", "tests\MoqTestSuit.Tests\MoqTestSuit.Tests.csproj", "{F3B46E7E-11A9-42A2-B2A2-2ACD3E9F2C7B}"
EndProject
Global
	GlobalSection(SolutionConfigurationPlatforms) = preSolution
		Debug|Any CPU = Debug|Any CPU
		Release|Any CPU = Release|Any CPU
	EndGlobalSection
	GlobalSection(ProjectConfigurationPlatforms) = postSolution
		{16F25242-9BFB-4B5B-BB5F-B47F1EF2A677}.Debug|Any CPU.ActiveCfg = Debug|Any CPU
		{16F25242-9BFB-4B5B-BB5F-B47F1EF2A677}.Debug|Any CPU.Build.0 = Debug|Any CPU
		{16F25242-9BFB-4B5B-BB5F-B47F1EF2A677}.Release|Any CPU.ActiveCfg = Release|Any CPU
		{16F25242-9BFB-4B5B-BB5F-B47F1EF2A677}.Release|Any CPU.Build.0 = Release|Any CPU
		{F3B46E7E-11A9-42A2-B2A2-2ACD3E9F2C7B}.Debug|Any CPU.ActiveCfg = Debug|Any CPU
		{F3B46E7E-11A9-42A2-B2A2-2ACD3E9F2C7B}.Debug|Any CPU.Build.0 = Debug|Any CPU
		{F3B46E7E-11A9-42A2-B2A2-2ACD3E9F2C7B}.Release|Any CPU.ActiveCfg = Release|Any CPU
		{F3B46E7E-11A9-42A2-B2A2-2ACD3E9F2C7B}.Release|Any CPU.Build.0 = Release|Any CPU
	EndGlobalSection
	GlobalSection(SolutionProperties) = preSolution
		HideSolutionNode = FALSE
	EndGlobalSection
	GlobalSection(ExtensibilityGlobals) = postSolution
		SolutionGuid = {C036D801-5839-4FAB-9F83-4C6E7B36967C}
	EndGlobalSection
EndGlobal
